
Microsoft Visual Studio Solution File, Format Version 12.00
# Visual Studio Version 17
VisualStudioVersion = 17.9.34728.123
MinimumVisualStudioVersion = 10.0.40219.1
Project("{FAE04EC0-301F-11D3-BF4B-00C04F79EFBC}") = "Owner", "Owner\Owner.csproj", "{B0323448-A717-4B6A-A925-09F1B0F9805F}"
EndProject
Global
	GlobalSection(SolutionConfigurationPlatforms) = preSolution
		Debug|Any CPU = Debug|Any CPU
		Release|Any CPU = Release|Any CPU
	EndGlobalSection
	GlobalSection(ProjectConfigurationPlatforms) = postSolution
		{B0323448-A717-4B6A-A925-09F1B0F9805F}.Debug|Any CPU.ActiveCfg = Debug|Any CPU
		{B0323448-A717-4B6A-A925-09F1B0F9805F}.Debug|Any CPU.Build.0 = Debug|Any CPU
		{B0323448-A717-4B6A-A925-09F1B0F9805F}.Release|Any CPU.ActiveCfg = Release|Any CPU
		{B0323448-A717-4B6A-A925-09F1B0F9805F}.Release|Any CPU.Build.0 = Release|Any CPU
	EndGlobalSection
	GlobalSection(SolutionProperties) = preSolution
		HideSolutionNode = FALSE
	EndGlobalSection
	GlobalSection(ExtensibilityGlobals) = postSolution
		SolutionGuid = {5C96D346-D479-4643-8224-3FC640A062F1}
	EndGlobalSection
EndGlobal
